
Microsoft Visual Studio Solution File, Format Version 12.00
# Visual Studio Version 17
VisualStudioVersion = 17.4.33110.190
MinimumVisualStudioVersion = 10.0.40219.1
Project("{FAE04EC0-301F-11D3-BF4B-00C04F79EFBC}") = "LaMiaPizzeriaModel", "LaMiaPizzeriaModel\LaMiaPizzeriaModel.csproj", "{A2882978-BDCA-4009-9AE0-7FC9D7D98BCE}"
EndProject
Global
	GlobalSection(SolutionConfigurationPlatforms) = preSolution
		Debug|Any CPU = Debug|Any CPU
		Release|Any CPU = Release|Any CPU
	EndGlobalSection
	GlobalSection(ProjectConfigurationPlatforms) = postSolution
		{A2882978-BDCA-4009-9AE0-7FC9D7D98BCE}.Debug|Any CPU.ActiveCfg = Debug|Any CPU
		{A2882978-BDCA-4009-9AE0-7FC9D7D98BCE}.Debug|Any CPU.Build.0 = Debug|Any CPU
		{A2882978-BDCA-4009-9AE0-7FC9D7D98BCE}.Release|Any CPU.ActiveCfg = Release|Any CPU
		{A2882978-BDCA-4009-9AE0-7FC9D7D98BCE}.Release|Any CPU.Build.0 = Release|Any CPU
	EndGlobalSection
	GlobalSection(SolutionProperties) = preSolution
		HideSolutionNode = FALSE
	EndGlobalSection
	GlobalSection(ExtensibilityGlobals) = postSolution
		SolutionGuid = {1DCA0BE1-06DA-4F6D-BCC4-063E758BF6B4}
	EndGlobalSection
EndGlobal
